
Microsoft Visual Studio Solution File, Format Version 12.00
# Visual Studio Version 17
VisualStudioVersion = 17.14.36811.4
MinimumVisualStudioVersion = 10.0.40219.1
Project("{FAE04EC0-301F-11D3-BF4B-00C04F79EFBC}") = "School.API", "src\Backend\School.API\School.API.csproj", "{CF95602F-CF4A-4196-B76F-6EE8C8F6273B}"
EndProject
Project("{FAE04EC0-301F-11D3-BF4B-00C04F79EFBC}") = "School.Application", "src\Backend\School.Application\School.Application.csproj", "{27CA8FD0-CDE9-4990-9CEB-403E47B40D18}"
EndProject
Project("{FAE04EC0-301F-11D3-BF4B-00C04F79EFBC}") = "School.Domain", "src\Backend\School.Domain\School.Domain.csproj", "{92D5D9E2-D427-4676-AB55-B2297D230E53}"
EndProject
Project("{FAE04EC0-301F-11D3-BF4B-00C04F79EFBC}") = "School.Infrastructure", "src\Backend\School.Infrastructure\School.Infrastructure.csproj", "{8B5CEADA-A066-4D0F-BC7C-AB71D8B0FF47}"
EndProject
Project("{FAE04EC0-301F-11D3-BF4B-00C04F79EFBC}") = "School.Communication", "src\Shared\School.Communication\School.Communication.csproj", "{75D1AB48-8402-4859-A57A-1D6EA2063BB2}"
EndProject
Project("{FAE04EC0-301F-11D3-BF4B-00C04F79EFBC}") = "School.Exceptions", "src\Shared\School.Exceptions\School.Exceptions.csproj", "{638A6037-6BA8-445D-AE35-9C177E90D259}"
EndProject
Project("{2150E333-8FDC-42A3-9474-1A3956D46DE8}") = "src", "src", "{02EA681E-C7D8-13C7-8484-4AC65E1B71E8}"
EndProject
Project("{2150E333-8FDC-42A3-9474-1A3956D46DE8}") = "Backend", "Backend", "{635447CD-DF3B-4DFE-AFDB-E8D3E279E484}"
EndProject
Project("{2150E333-8FDC-42A3-9474-1A3956D46DE8}") = "Shared", "Shared", "{9457FF74-4852-4FD5-8708-AB1BF8191E3D}"
EndProject
Project("{2150E333-8FDC-42A3-9474-1A3956D46DE8}") = "tests", "tests", "{604FAF3F-DE34-498A-8CE6-512B04F880D3}"
EndProject
Project("{FAE04EC0-301F-11D3-BF4B-00C04F79EFBC}") = "CommonTestUtilities", "tests\CommonTestUtilities\CommonTestUtilities.csproj", "{3EC14985-7E9C-40A1-BD24-EAAEAAEA2D5A}"
EndProject
Project("{FAE04EC0-301F-11D3-BF4B-00C04F79EFBC}") = "UseCases.Test", "tests\UseCases.Test\UseCases.Test.csproj", "{0FC6E2A5-B4BD-4226-9EB7-43F50C734775}"
EndProject
Project("{FAE04EC0-301F-11D3-BF4B-00C04F79EFBC}") = "Validators.Test", "tests\Validators.Test\Validators.Test.csproj", "{1B607DA0-61C6-418B-95BB-EAFFD0C08494}"
EndProject
Project("{FAE04EC0-301F-11D3-BF4B-00C04F79EFBC}") = "WebApi.Test", "tests\WebApi.Test\WebApi.Test.csproj", "{BC8CF149-5FD2-4E99-9B61-5450A0BDC530}"
EndProject
Global
	GlobalSection(SolutionConfigurationPlatforms) = preSolution
		Debug|Any CPU = Debug|Any CPU
		Release|Any CPU = Release|Any CPU
	EndGlobalSection
	GlobalSection(ProjectConfigurationPlatforms) = postSolution
		{CF95602F-CF4A-4196-B76F-6EE8C8F6273B}.Debug|Any CPU.ActiveCfg = Debug|Any CPU
		{CF95602F-CF4A-4196-B76F-6EE8C8F6273B}.Debug|Any CPU.Build.0 = Debug|Any CPU
		{CF95602F-CF4A-4196-B76F-6EE8C8F6273B}.Release|Any CPU.ActiveCfg = Release|Any CPU
		{CF95602F-CF4A-4196-B76F-6EE8C8F6273B}.Release|Any CPU.Build.0 = Release|Any CPU
		{27CA8FD0-CDE9-4990-9CEB-403E47B40D18}.Debug|Any CPU.ActiveCfg = Debug|Any CPU
		{27CA8FD0-CDE9-4990-9CEB-403E47B40D18}.Debug|Any CPU.Build.0 = Debug|Any CPU
		{27CA8FD0-CDE9-4990-9CEB-403E47B40D18}.Release|Any CPU.ActiveCfg = Release|Any CPU
		{27CA8FD0-CDE9-4990-9CEB-403E47B40D18}.Release|Any CPU.Build.0 = Release|Any CPU
		{92D5D9E2-D427-4676-AB55-B2297D230E53}.Debug|Any CPU.ActiveCfg = Debug|Any CPU
		{92D5D9E2-D427-4676-AB55-B2297D230E53}.Debug|Any CPU.Build.0 = Debug|Any CPU
		{92D5D9E2-D427-4676-AB55-B2297D230E53}.Release|Any CPU.ActiveCfg = Release|Any CPU
		{92D5D9E2-D427-4676-AB55-B2297D230E53}.Release|Any CPU.Build.0 = Release|Any CPU
		{8B5CEADA-A066-4D0F-BC7C-AB71D8B0FF47}.Debug|Any CPU.ActiveCfg = Debug|Any CPU
		{8B5CEADA-A066-4D0F-BC7C-AB71D8B0FF47}.Debug|Any CPU.Build.0 = Debug|Any CPU
		{8B5CEADA-A066-4D0F-BC7C-AB71D8B0FF47}.Release|Any CPU.ActiveCfg = Release|Any CPU
		{8B5CEADA-A066-4D0F-BC7C-AB71D8B0FF47}.Release|Any CPU.Build.0 = Release|Any CPU
		{75D1AB48-8402-4859-A57A-1D6EA2063BB2}.Debug|Any CPU.ActiveCfg = Debug|Any CPU
		{75D1AB48-8402-4859-A57A-1D6EA2063BB2}.Debug|Any CPU.Build.0 = Debug|Any CPU
		{75D1AB48-8402-4859-A57A-1D6EA2063BB2}.Release|Any CPU.ActiveCfg = Release|Any CPU
		{75D1AB48-8402-4859-A57A-1D6EA2063BB2}.Release|Any CPU.Build.0 = Release|Any CPU
		{638A6037-6BA8-445D-AE35-9C177E90D259}.Debug|Any CPU.ActiveCfg = Debug|Any CPU
		{638A6037-6BA8-445D-AE35-9C177E90D259}.Debug|Any CPU.Build.0 = Debug|Any CPU
		{638A6037-6BA8-445D-AE35-9C177E90D259}.Release|Any CPU.ActiveCfg = Release|Any CPU
		{638A6037-6BA8-445D-AE35-9C177E90D259}.Release|Any CPU.Build.0 = Release|Any CPU
		{3EC14985-7E9C-40A1-BD24-EAAEAAEA2D5A}.Debug|Any CPU.ActiveCfg = Debug|Any CPU
		{3EC14985-7E9C-40A1-BD24-EAAEAAEA2D5A}.Debug|Any CPU.Build.0 = Debug|Any CPU
		{3EC14985-7E9C-40A1-BD24-EAAEAAEA2D5A}.Release|Any CPU.ActiveCfg = Release|Any CPU
		{3EC14985-7E9C-40A1-BD24-EAAEAAEA2D5A}.Release|Any CPU.Build.0 = Release|Any CPU
		{0FC6E2A5-B4BD-4226-9EB7-43F50C734775}.Debug|Any CPU.ActiveCfg = Debug|Any CPU
		{0FC6E2A5-B4BD-4226-9EB7-43F50C734775}.Debug|Any CPU.Build.0 = Debug|Any CPU
		{0FC6E2A5-B4BD-4226-9EB7-43F50C734775}.Release|Any CPU.ActiveCfg = Release|Any CPU
		{0FC6E2A5-B4BD-4226-9EB7-43F50C734775}.Release|Any CPU.Build.0 = Release|Any CPU
		{1B607DA0-61C6-418B-95BB-EAFFD0C08494}.Debug|Any CPU.ActiveCfg = Debug|Any CPU
		{1B607DA0-61C6-418B-95BB-EAFFD0C08494}.Debug|Any CPU.Build.0 = Debug|Any CPU
		{1B607DA0-61C6-418B-95BB-EAFFD0C08494}.Release|Any CPU.ActiveCfg = Release|Any CPU
		{1B607DA0-61C6-418B-95BB-EAFFD0C08494}.Release|Any CPU.Build.0 = Release|Any CPU
		{BC8CF149-5FD2-4E99-9B61-5450A0BDC530}.Debug|Any CPU.ActiveCfg = Debug|Any CPU
		{BC8CF149-5FD2-4E99-9B61-5450A0BDC530}.Debug|Any CPU.Build.0 = Debug|Any CPU
		{BC8CF149-5FD2-4E99-9B61-5450A0BDC530}.Release|Any CPU.ActiveCfg = Release|Any CPU
		{BC8CF149-5FD2-4E99-9B61-5450A0BDC530}.Release|Any CPU.Build.0 = Release|Any CPU
	EndGlobalSection
	GlobalSection(SolutionProperties) = preSolution
		HideSolutionNode = FALSE
	EndGlobalSection
	GlobalSection(NestedProjects) = preSolution
		{CF95602F-CF4A-4196-B76F-6EE8C8F6273B} = {635447CD-DF3B-4DFE-AFDB-E8D3E279E484}
		{27CA8FD0-CDE9-4990-9CEB-403E47B40D18} = {635447CD-DF3B-4DFE-AFDB-E8D3E279E484}
		{92D5D9E2-D427-4676-AB55-B2297D230E53} = {635447CD-DF3B-4DFE-AFDB-E8D3E279E484}
		{8B5CEADA-A066-4D0F-BC7C-AB71D8B0FF47} = {635447CD-DF3B-4DFE-AFDB-E8D3E279E484}
		{75D1AB48-8402-4859-A57A-1D6EA2063BB2} = {9457FF74-4852-4FD5-8708-AB1BF8191E3D}
		{638A6037-6BA8-445D-AE35-9C177E90D259} = {9457FF74-4852-4FD5-8708-AB1BF8191E3D}
		{635447CD-DF3B-4DFE-AFDB-E8D3E279E484} = {02EA681E-C7D8-13C7-8484-4AC65E1B71E8}
		{9457FF74-4852-4FD5-8708-AB1BF8191E3D} = {02EA681E-C7D8-13C7-8484-4AC65E1B71E8}
		{3EC14985-7E9C-40A1-BD24-EAAEAAEA2D5A} = {604FAF3F-DE34-498A-8CE6-512B04F880D3}
		{0FC6E2A5-B4BD-4226-9EB7-43F50C734775} = {604FAF3F-DE34-498A-8CE6-512B04F880D3}
		{1B607DA0-61C6-418B-95BB-EAFFD0C08494} = {604FAF3F-DE34-498A-8CE6-512B04F880D3}
		{BC8CF149-5FD2-4E99-9B61-5450A0BDC530} = {604FAF3F-DE34-498A-8CE6-512B04F880D3}
	EndGlobalSection
	GlobalSection(ExtensibilityGlobals) = postSolution
		SolutionGuid = {FD2676E0-DC02-4749-9307-FE48E5E69EC7}
	EndGlobalSection
EndGlobal
